{
  "nodes": {
    "conixpkgs": {
      "inputs": {
        "nixpkgs": "nixpkgs",
        "sway-setter": "sway-setter",
        "utils": "utils_2"
      },
      "locked": {
        "lastModified": 1738502850,
        "narHash": "sha256-6JwQvGUvHrNvCTJD+DQiow/tNWY4mYkZaPhNk5tvK7I=",
        "owner": "cristianoliveira",
        "repo": "nixpkgs",
        "rev": "a105418496cb0f92f5c9636558c955337e980cad",
        "type": "github"
      },
      "original": {
        "owner": "cristianoliveira",
        "repo": "nixpkgs",
        "type": "github"
      }
    },
    "nixpkgs": {
      "locked": {
        "lastModified": 1738501561,
        "narHash": "sha256-QxG1rZaG75pxf0nw2lf+0PCZbeiaZJ0E1SC3vUDjj+E=",
        "owner": "nixos",
        "repo": "nixpkgs",
        "rev": "ac61f4ae0dacfb4212f3a30ab4db4eebb661a670",
        "type": "github"
      },
      "original": {
        "owner": "nixos",
        "repo": "nixpkgs",
        "type": "github"
      }
    },
    "nixpkgs_2": {
      "locked": {
        "lastModified": 1738349789,
        "narHash": "sha256-iU/eBsXr5iJp/EqfMBrXzaKO7j8GP2DnyccQrI3B6Zk=",
        "owner": "NixOS",
        "repo": "nixpkgs",
        "rev": "fb4e9aac4ee68b9034f99b55cc4c6fa8096525b3",
        "type": "github"
      },
      "original": {
        "owner": "NixOS",
        "repo": "nixpkgs",
        "type": "github"
      }
    },
    "nixpkgs_3": {
      "locked": {
        "lastModified": 1738504516,
        "narHash": "sha256-+Q2VFL4c5a097ebI8e45Lgv9Q42RQn/EtMQBYjKKvtk=",
        "owner": "NixOS",
        "repo": "nixpkgs",
        "rev": "9ae2f5a3314f81d22bc7ef670883883383223342",
        "type": "github"
      },
      "original": {
        "owner": "NixOS",
        "repo": "nixpkgs",
        "type": "github"
      }
    },
    "root": {
      "inputs": {
        "conixpkgs": "conixpkgs",
        "nixpkgs": "nixpkgs_3",
        "utils": "utils_3"
      }
    },
    "sway-setter": {
      "inputs": {
        "nixpkgs": "nixpkgs_2",
        "utils": "utils"
      },
      "locked": {
        "lastModified": 1738501906,
        "narHash": "sha256-jPsSnvH02ls7Q062x+7hbX0MmrNMwj3gvDxYPwmnK38=",
        "owner": "cristianoliveira",
        "repo": "sway-setter",
        "rev": "286825e0afedb2adc5950b1b4438c8193b0d4090",
        "type": "github"
      },
      "original": {
        "owner": "cristianoliveira",
        "repo": "sway-setter",
        "type": "github"
      }
    },
    "systems": {
      "locked": {
        "lastModified": 1681028828,
        "narHash": "sha256-Vy1rq5AaRuLzOxct8nz4T6wlgyUR7zLU309k9mBC768=",
        "owner": "nix-systems",
        "repo": "default",
        "rev": "da67096a3b9bf56a91d16901293e51ba5b49a27e",
        "type": "github"
      },
      "original": {
        "owner": "nix-systems",
        "repo": "default",
        "type": "github"
      }
    },
    "systems_2": {
      "locked": {
        "lastModified": 1681028828,
        "narHash": "sha256-Vy1rq5AaRuLzOxct8nz4T6wlgyUR7zLU309k9mBC768=",
        "owner": "nix-systems",
        "repo": "default",
        "rev": "da67096a3b9bf56a91d16901293e51ba5b49a27e",
        "type": "github"
      },
      "original": {
        "owner": "nix-systems",
        "repo": "default",
        "type": "github"
      }
    },
    "systems_3": {
      "locked": {
        "lastModified": 1681028828,
        "narHash": "sha256-Vy1rq5AaRuLzOxct8nz4T6wlgyUR7zLU309k9mBC768=",
        "owner": "nix-systems",
        "repo": "default",
        "rev": "da67096a3b9bf56a91d16901293e51ba5b49a27e",
        "type": "github"
      },
      "original": {
        "owner": "nix-systems",
        "repo": "default",
        "type": "github"
      }
    },
    "utils": {
      "inputs": {
        "systems": "systems"
      },
      "locked": {
        "lastModified": 1731533236,
        "narHash": "sha256-l0KFg5HjrsfsO/JpG+r7fRrqm12kzFHyUHqHCVpMMbI=",
        "owner": "numtide",
        "repo": "flake-utils",
        "rev": "11707dc2f618dd54ca8739b309ec4fc024de578b",
        "type": "github"
      },
      "original": {
        "owner": "numtide",
        "repo": "flake-utils",
        "type": "github"
      }
    },
    "utils_2": {
      "inputs": {
        "systems": "systems_2"
      },
      "locked": {
        "lastModified": 1731533236,
        "narHash": "sha256-l0KFg5HjrsfsO/JpG+r7fRrqm12kzFHyUHqHCVpMMbI=",
        "owner": "numtide",
        "repo": "flake-utils",
        "rev": "11707dc2f618dd54ca8739b309ec4fc024de578b",
        "type": "github"
      },
      "original": {
        "owner": "numtide",
        "repo": "flake-utils",
        "type": "github"
      }
    },
    "utils_3": {
      "inputs": {
        "systems": "systems_3"
      },
      "locked": {
        "lastModified": 1731533236,
        "narHash": "sha256-l0KFg5HjrsfsO/JpG+r7fRrqm12kzFHyUHqHCVpMMbI=",
        "owner": "numtide",
        "repo": "flake-utils",
        "rev": "11707dc2f618dd54ca8739b309ec4fc024de578b",
        "type": "github"
      },
      "original": {
        "owner": "numtide",
        "repo": "flake-utils",
        "type": "github"
      }
    }
  },
  "root": "root",
  "version": 7
}
